{
  "name": "hercai-api",
  "version": "1.0.0",
  "lockfileVersion": 2,
  "requires": true,
  "packages": {},
  "dependencies": {
    "express": {
      "version": "4.17.1",
      "resolved": "https://registry.npmjs.org/express/-/express-4.17.1.tgz",
      "integrity": "sha512-mHJ9O79Rqlw79CGkLHXYyzj4/nRQl5h9nUbXFek75QIw75dklXXGbUNH8OD4j9nKdV78BZqkg+0G1YOYDquh2A==",
      "dev": true,
      "optional": false,
      "frozen": false
    },
    "cors": {
      "version": "2.8.5",
      "resolved": "https://registry.npmjs.org/cors/-/cors-2.8.5.tgz",
      "integrity": "sha512-hIoz5P7VxEhaOfiXz3c1vVMiZOwqgbz8tZPFB0Zkzay1GnV7K1nvrgp1KJNN5IYznOf5y4mKQJS5SIc2DpGReQ==",
      "dev": true,
      "optional": false,
      "frozen": false
    },
    "hercai": {
      "version": "1.0.0",
      "resolved": "https://registry.npmjs.org/hercai/-/hercai-1.0.0.tgz",
      "integrity": "sha512-TBD",
      "dev": true,
      "optional": false,
      "frozen": false
    }
  }
}